<?xml version="1.0" encoding="utf-8"?>
<Project ToolsVersion="4.0" xmlns="http://schemas.microsoft.com/developer/msbuild/2003">
  <ItemGroup>
    <Filter Include="Source Files">
      <UniqueIdentifier>{519f46a2-8331-4565-bf24-b641ae25969d}</UniqueIdentifier>
      <Extensions>cpp;c;cxx;rc;def;r;odl;idl;hpj;bat</Extensions>
    </Filter>
    <Filter Include="Header Files">
      <UniqueIdentifier>{e1182ca9-8f1c-4c71-bcf3-43c7fb836274}</UniqueIdentifier>
      <Extensions>h;hpp;hxx;hm;inl</Extensions>
    </Filter>
    <Filter Include="Resource Files">
      <UniqueIdentifier>{017a8ac1-37f0-4de7-9a26-99d9ea1b11d2}</UniqueIdentifier>
      <Extensions>ico;cur;bmp;dlg;rc2;rct;bin;rgs;gif;jpg;jpeg;jpe</Extensions>
    </Filter>
  </ItemGroup>
  <ItemGroup>
    <ClCompile Include="Class_Bi.cpp">
      <Filter>Source Files</Filter>
    </ClCompile>
    <ClCompile Include="Class_Driver.cpp">
      <Filter>Source Files</Filter>
    </ClCompile>
    <ClCompile Include="Class_env.cpp">
      <Filter>Source Files</Filter>
    </ClCompile>
    <ClCompile Include="Class_FenXing.cpp">
      <Filter>Source Files</Filter>
    </ClCompile>
    <ClCompile Include="Class_KXian.cpp">
      <Filter>Source Files</Filter>
    </ClCompile>
    <ClCompile Include="Class_XianDuan.cpp">
      <Filter>Source Files</Filter>
    </ClCompile>
    <ClCompile Include="Class_ZhongShu.cpp">
      <Filter>Source Files</Filter>
    </ClCompile>
    <ClCompile Include="StdAfx.cpp">
      <Filter>Source Files</Filter>
    </ClCompile>
    <ClCompile Include="StockFunc.cpp">
      <Filter>Source Files</Filter>
    </ClCompile>
  </ItemGroup>
  <ItemGroup>
    <ClInclude Include="Base.h">
      <Filter>Header Files</Filter>
    </ClInclude>
    <ClInclude Include="Class_Bi.h">
      <Filter>Header Files</Filter>
    </ClInclude>
    <ClInclude Include="Class_Driver.h">
      <Filter>Header Files</Filter>
    </ClInclude>
    <ClInclude Include="Class_env.h">
      <Filter>Header Files</Filter>
    </ClInclude>
    <ClInclude Include="Class_FenXing.h">
      <Filter>Header Files</Filter>
    </ClInclude>
    <ClInclude Include="Class_KXian.h">
      <Filter>Header Files</Filter>
    </ClInclude>
    <ClInclude Include="Class_XianDuan.h">
      <Filter>Header Files</Filter>
    </ClInclude>
    <ClInclude Include="Class_ZhongShu.h">
      <Filter>Header Files</Filter>
    </ClInclude>
    <ClInclude Include="Debug.h">
      <Filter>Header Files</Filter>
    </ClInclude>
    <ClInclude Include="FenXianDuan.h">
      <Filter>Header Files</Filter>
    </ClInclude>
    <ClInclude Include="StdAfx.h">
      <Filter>Header Files</Filter>
    </ClInclude>
    <ClInclude Include="StockFunc.h">
      <Filter>Header Files</Filter>
    </ClInclude>
  </ItemGroup>
  <ItemGroup>
    <Text Include="ReadMe.txt" />
  </ItemGroup>
</Project>