<?xml version="1.0" encoding="utf-8"?>
<Project ToolsVersion="4.0" xmlns="http://schemas.microsoft.com/developer/msbuild/2003">
  <ItemGroup>
    <Filter Include="Source Files">
      <UniqueIdentifier>{4a140ac2-43e5-4f64-ab07-49c016c80cc9}</UniqueIdentifier>
      <Extensions>cpp;c;cxx;rc;def;r;odl;idl;hpj;bat</Extensions>
    </Filter>
    <Filter Include="Header Files">
      <UniqueIdentifier>{dc661f5d-e53f-4f44-bfba-fa9033c23cb3}</UniqueIdentifier>
      <Extensions>h;hpp;hxx;hm;inl</Extensions>
    </Filter>
    <Filter Include="Header Files\API">
      <UniqueIdentifier>{b95eaff8-6ff1-4dac-ba23-0b0e59515881}</UniqueIdentifier>
    </Filter>
    <Filter Include="Resource Files">
      <UniqueIdentifier>{77ad74dc-5303-4688-8b57-b9c0d73f1545}</UniqueIdentifier>
      <Extensions>ico;cur;bmp;dlg;rc2;rct;bin;rgs;gif;jpg;jpeg;jpe</Extensions>
    </Filter>
  </ItemGroup>
  <ItemGroup>
    <ClCompile Include="Class_Bi.cpp">
      <Filter>Source Files</Filter>
    </ClCompile>
    <ClCompile Include="Class_Driver.cpp">
      <Filter>Source Files</Filter>
    </ClCompile>
    <ClCompile Include="Class_env.cpp">
      <Filter>Source Files</Filter>
    </ClCompile>
    <ClCompile Include="Class_FenXing.cpp">
      <Filter>Source Files</Filter>
    </ClCompile>
    <ClCompile Include="Class_KXian.cpp">
      <Filter>Source Files</Filter>
    </ClCompile>
    <ClCompile Include="Class_XianDuan.cpp">
      <Filter>Source Files</Filter>
    </ClCompile>
    <ClCompile Include="Class_ZhongShu.cpp">
      <Filter>Source Files</Filter>
    </ClCompile>
    <ClCompile Include="slist.cpp">
      <Filter>Source Files</Filter>
    </ClCompile>
    <ClCompile Include="StdAfx.cpp">
      <Filter>Source Files</Filter>
    </ClCompile>
    <ClCompile Include="StockFunc.cpp">
      <Filter>Source Files</Filter>
    </ClCompile>
    <ClCompile Include="traits.cpp">
      <Filter>Source Files</Filter>
    </ClCompile>
    <ClCompile Include="MA.cpp">
      <Filter>Source Files</Filter>
    </ClCompile>
  </ItemGroup>
  <ItemGroup>
    <ClInclude Include="AnalyzeZhongShu.h">
      <Filter>Header Files</Filter>
    </ClInclude>
    <ClInclude Include="Base.h">
      <Filter>Header Files</Filter>
    </ClInclude>
    <ClInclude Include="Class_Bi.h">
      <Filter>Header Files</Filter>
    </ClInclude>
    <ClInclude Include="Class_Driver.h">
      <Filter>Header Files</Filter>
    </ClInclude>
    <ClInclude Include="Class_env.h">
      <Filter>Header Files</Filter>
    </ClInclude>
    <ClInclude Include="Class_FenXing.h">
      <Filter>Header Files</Filter>
    </ClInclude>
    <ClInclude Include="Class_KXian.h">
      <Filter>Header Files</Filter>
    </ClInclude>
    <ClInclude Include="Class_XianDuan.h">
      <Filter>Header Files</Filter>
    </ClInclude>
    <ClInclude Include="Class_ZhongShu.h">
      <Filter>Header Files</Filter>
    </ClInclude>
    <ClInclude Include="Debug.h">
      <Filter>Header Files</Filter>
    </ClInclude>
    <ClInclude Include="Display.h">
      <Filter>Header Files</Filter>
    </ClInclude>
    <ClInclude Include="FenXianDuan.h">
      <Filter>Header Files</Filter>
    </ClInclude>
    <ClInclude Include="FenXianDuan_Common.h">
      <Filter>Header Files</Filter>
    </ClInclude>
    <ClInclude Include="include_api.h">
      <Filter>Header Files</Filter>
    </ClInclude>
    <ClInclude Include="slist.h">
      <Filter>Header Files</Filter>
    </ClInclude>
    <ClInclude Include="StdAfx.h">
      <Filter>Header Files</Filter>
    </ClInclude>
    <ClInclude Include="traits.h">
      <Filter>Header Files</Filter>
    </ClInclude>
    <ClInclude Include="FoxFunc.h">
      <Filter>Header Files\API</Filter>
    </ClInclude>
    <ClInclude Include="StockFunc.h">
      <Filter>Header Files\API</Filter>
    </ClInclude>
    <ClInclude Include="IComparable.h">
      <Filter>Header Files</Filter>
    </ClInclude>
    <ClInclude Include="IDisplayable.h">
      <Filter>Header Files</Filter>
    </ClInclude>
    <ClInclude Include="XRXD.h">
      <Filter>Header Files</Filter>
    </ClInclude>
    <ClInclude Include="MA.h">
      <Filter>Header Files</Filter>
    </ClInclude>
  </ItemGroup>
  <ItemGroup>
    <Text Include="ReadMe.txt" />
  </ItemGroup>
</Project>